
Microsoft Visual Studio Solution File, Format Version 12.00
# Visual Studio Version 16
VisualStudioVersion = 16.0.31025.218
MinimumVisualStudioVersion = 10.0.40219.1
Project("{2150E333-8FDC-42A3-9474-1A3956D46DE8}") = "Identity", "Identity", "{81CC0367-7862-40A8-86E1-66657137B32E}"
EndProject
Project("{9A19103F-16F7-4668-BE54-9A1E7A4F7556}") = "CarRentalSystem.Identity.Data", "CarRentalSystem.Identity.Data\CarRentalSystem.Identity.Data.csproj", "{9CEA8CD8-50AA-49E3-B0A3-81B54AFCC4F0}"
EndProject
Project("{9A19103F-16F7-4668-BE54-9A1E7A4F7556}") = "CarRentalSystem.Identity.Services", "CarRentalSystem.Identity.Services\CarRentalSystem.Identity.Services.csproj", "{88ABF4C8-7D31-4C02-AECE-F553787D92DA}"
EndProject
Project("{9A19103F-16F7-4668-BE54-9A1E7A4F7556}") = "CarRentalSystem.Common", "CarRentalSystem.Common\CarRentalSystem.Common.csproj", "{EA92369D-FA4C-4AC0-9222-0972CE4F1E11}"
EndProject
Project("{9A19103F-16F7-4668-BE54-9A1E7A4F7556}") = "CarRentalSystem.Identity.API", "CarRentalSystem.Identity.API\CarRentalSystem.Identity.API.csproj", "{D64AD877-EA42-48A5-8AC9-45B8603E5A40}"
EndProject
Project("{2150E333-8FDC-42A3-9474-1A3956D46DE8}") = "Dealers", "Dealers", "{279FC9EF-3582-4129-8B38-26D8D5136D60}"
EndProject
Project("{9A19103F-16F7-4668-BE54-9A1E7A4F7556}") = "CarRentalSystem.Dealers.Data", "CarRentalSystem.Dealers.Data\CarRentalSystem.Dealers.Data.csproj", "{89D60A3D-9FE0-45A3-80F2-7139C738C08E}"
EndProject
Project("{9A19103F-16F7-4668-BE54-9A1E7A4F7556}") = "CarRentalSystem.Dealers.API", "CarRentalSystem.Dealers.API\CarRentalSystem.Dealers.API.csproj", "{47A2DD33-28E2-4A7E-8BCA-DD8D4A1E9C0A}"
EndProject
Project("{9A19103F-16F7-4668-BE54-9A1E7A4F7556}") = "CarRentalSystem.Dealers.Service", "CarRentalSystem.Dealers.Service\CarRentalSystem.Dealers.Service.csproj", "{146DF81E-9854-4FB3-868A-32F46E443797}"
EndProject
Project("{2150E333-8FDC-42A3-9474-1A3956D46DE8}") = "Statistics", "Statistics", "{05F83032-7611-41F5-92A3-0E3E8AEDA304}"
EndProject
Project("{9A19103F-16F7-4668-BE54-9A1E7A4F7556}") = "CarRentalSystem.Statistics.Data", "CarRentalSystem.Statistics.Data\CarRentalSystem.Statistics.Data.csproj", "{BBC82111-AE8C-4190-8000-C4A8750F9EA7}"
EndProject
Project("{9A19103F-16F7-4668-BE54-9A1E7A4F7556}") = "CarRentalSystem.Statistics.API", "CarRentalSystem.Statistics.API\CarRentalSystem.Statistics.API.csproj", "{4257D9CA-4293-48B7-892A-5773DAF0E8F8}"
EndProject
Project("{9A19103F-16F7-4668-BE54-9A1E7A4F7556}") = "CarRentalSystem.Statistics.Service", "CarRentalSystem.Statistics.Service\CarRentalSystem.Statistics.Service.csproj", "{AF3B2491-281A-4A02-B107-D05501D76FCA}"
EndProject
Project("{9A19103F-16F7-4668-BE54-9A1E7A4F7556}") = "CarRentalSystem.Watchdog", "CarRentalSystem.Watchdog\CarRentalSystem.Watchdog.csproj", "{EDFE8CE9-9F80-4F27-9FA8-420139291B44}"
EndProject
Project("{9A19103F-16F7-4668-BE54-9A1E7A4F7556}") = "CarRentalSystem.Admin", "CarRentalSystem.Admin\CarRentalSystem.Admin.csproj", "{D8477066-CA4C-479A-84F0-16D3D5F1F2DC}"
EndProject
Global
	GlobalSection(SolutionConfigurationPlatforms) = preSolution
		Debug|Any CPU = Debug|Any CPU
		Release|Any CPU = Release|Any CPU
	EndGlobalSection
	GlobalSection(ProjectConfigurationPlatforms) = postSolution
		{9CEA8CD8-50AA-49E3-B0A3-81B54AFCC4F0}.Debug|Any CPU.ActiveCfg = Debug|Any CPU
		{9CEA8CD8-50AA-49E3-B0A3-81B54AFCC4F0}.Debug|Any CPU.Build.0 = Debug|Any CPU
		{9CEA8CD8-50AA-49E3-B0A3-81B54AFCC4F0}.Release|Any CPU.ActiveCfg = Release|Any CPU
		{9CEA8CD8-50AA-49E3-B0A3-81B54AFCC4F0}.Release|Any CPU.Build.0 = Release|Any CPU
		{88ABF4C8-7D31-4C02-AECE-F553787D92DA}.Debug|Any CPU.ActiveCfg = Debug|Any CPU
		{88ABF4C8-7D31-4C02-AECE-F553787D92DA}.Debug|Any CPU.Build.0 = Debug|Any CPU
		{88ABF4C8-7D31-4C02-AECE-F553787D92DA}.Release|Any CPU.ActiveCfg = Release|Any CPU
		{88ABF4C8-7D31-4C02-AECE-F553787D92DA}.Release|Any CPU.Build.0 = Release|Any CPU
		{EA92369D-FA4C-4AC0-9222-0972CE4F1E11}.Debug|Any CPU.ActiveCfg = Debug|Any CPU
		{EA92369D-FA4C-4AC0-9222-0972CE4F1E11}.Debug|Any CPU.Build.0 = Debug|Any CPU
		{EA92369D-FA4C-4AC0-9222-0972CE4F1E11}.Release|Any CPU.ActiveCfg = Release|Any CPU
		{EA92369D-FA4C-4AC0-9222-0972CE4F1E11}.Release|Any CPU.Build.0 = Release|Any CPU
		{D64AD877-EA42-48A5-8AC9-45B8603E5A40}.Debug|Any CPU.ActiveCfg = Debug|Any CPU
		{D64AD877-EA42-48A5-8AC9-45B8603E5A40}.Debug|Any CPU.Build.0 = Debug|Any CPU
		{D64AD877-EA42-48A5-8AC9-45B8603E5A40}.Release|Any CPU.ActiveCfg = Release|Any CPU
		{D64AD877-EA42-48A5-8AC9-45B8603E5A40}.Release|Any CPU.Build.0 = Release|Any CPU
		{89D60A3D-9FE0-45A3-80F2-7139C738C08E}.Debug|Any CPU.ActiveCfg = Debug|Any CPU
		{89D60A3D-9FE0-45A3-80F2-7139C738C08E}.Debug|Any CPU.Build.0 = Debug|Any CPU
		{89D60A3D-9FE0-45A3-80F2-7139C738C08E}.Release|Any CPU.ActiveCfg = Release|Any CPU
		{89D60A3D-9FE0-45A3-80F2-7139C738C08E}.Release|Any CPU.Build.0 = Release|Any CPU
		{47A2DD33-28E2-4A7E-8BCA-DD8D4A1E9C0A}.Debug|Any CPU.ActiveCfg = Debug|Any CPU
		{47A2DD33-28E2-4A7E-8BCA-DD8D4A1E9C0A}.Debug|Any CPU.Build.0 = Debug|Any CPU
		{47A2DD33-28E2-4A7E-8BCA-DD8D4A1E9C0A}.Release|Any CPU.ActiveCfg = Release|Any CPU
		{47A2DD33-28E2-4A7E-8BCA-DD8D4A1E9C0A}.Release|Any CPU.Build.0 = Release|Any CPU
		{146DF81E-9854-4FB3-868A-32F46E443797}.Debug|Any CPU.ActiveCfg = Debug|Any CPU
		{146DF81E-9854-4FB3-868A-32F46E443797}.Debug|Any CPU.Build.0 = Debug|Any CPU
		{146DF81E-9854-4FB3-868A-32F46E443797}.Release|Any CPU.ActiveCfg = Release|Any CPU
		{146DF81E-9854-4FB3-868A-32F46E443797}.Release|Any CPU.Build.0 = Release|Any CPU
		{BBC82111-AE8C-4190-8000-C4A8750F9EA7}.Debug|Any CPU.ActiveCfg = Debug|Any CPU
		{BBC82111-AE8C-4190-8000-C4A8750F9EA7}.Debug|Any CPU.Build.0 = Debug|Any CPU
		{BBC82111-AE8C-4190-8000-C4A8750F9EA7}.Release|Any CPU.ActiveCfg = Release|Any CPU
		{BBC82111-AE8C-4190-8000-C4A8750F9EA7}.Release|Any CPU.Build.0 = Release|Any CPU
		{4257D9CA-4293-48B7-892A-5773DAF0E8F8}.Debug|Any CPU.ActiveCfg = Debug|Any CPU
		{4257D9CA-4293-48B7-892A-5773DAF0E8F8}.Debug|Any CPU.Build.0 = Debug|Any CPU
		{4257D9CA-4293-48B7-892A-5773DAF0E8F8}.Release|Any CPU.ActiveCfg = Release|Any CPU
		{4257D9CA-4293-48B7-892A-5773DAF0E8F8}.Release|Any CPU.Build.0 = Release|Any CPU
		{AF3B2491-281A-4A02-B107-D05501D76FCA}.Debug|Any CPU.ActiveCfg = Debug|Any CPU
		{AF3B2491-281A-4A02-B107-D05501D76FCA}.Debug|Any CPU.Build.0 = Debug|Any CPU
		{AF3B2491-281A-4A02-B107-D05501D76FCA}.Release|Any CPU.ActiveCfg = Release|Any CPU
		{AF3B2491-281A-4A02-B107-D05501D76FCA}.Release|Any CPU.Build.0 = Release|Any CPU
		{EDFE8CE9-9F80-4F27-9FA8-420139291B44}.Debug|Any CPU.ActiveCfg = Debug|Any CPU
		{EDFE8CE9-9F80-4F27-9FA8-420139291B44}.Debug|Any CPU.Build.0 = Debug|Any CPU
		{EDFE8CE9-9F80-4F27-9FA8-420139291B44}.Release|Any CPU.ActiveCfg = Release|Any CPU
		{EDFE8CE9-9F80-4F27-9FA8-420139291B44}.Release|Any CPU.Build.0 = Release|Any CPU
		{D8477066-CA4C-479A-84F0-16D3D5F1F2DC}.Debug|Any CPU.ActiveCfg = Debug|Any CPU
		{D8477066-CA4C-479A-84F0-16D3D5F1F2DC}.Debug|Any CPU.Build.0 = Debug|Any CPU
		{D8477066-CA4C-479A-84F0-16D3D5F1F2DC}.Release|Any CPU.ActiveCfg = Release|Any CPU
		{D8477066-CA4C-479A-84F0-16D3D5F1F2DC}.Release|Any CPU.Build.0 = Release|Any CPU
	EndGlobalSection
	GlobalSection(SolutionProperties) = preSolution
		HideSolutionNode = FALSE
	EndGlobalSection
	GlobalSection(NestedProjects) = preSolution
		{9CEA8CD8-50AA-49E3-B0A3-81B54AFCC4F0} = {81CC0367-7862-40A8-86E1-66657137B32E}
		{88ABF4C8-7D31-4C02-AECE-F553787D92DA} = {81CC0367-7862-40A8-86E1-66657137B32E}
		{D64AD877-EA42-48A5-8AC9-45B8603E5A40} = {81CC0367-7862-40A8-86E1-66657137B32E}
		{89D60A3D-9FE0-45A3-80F2-7139C738C08E} = {279FC9EF-3582-4129-8B38-26D8D5136D60}
		{47A2DD33-28E2-4A7E-8BCA-DD8D4A1E9C0A} = {279FC9EF-3582-4129-8B38-26D8D5136D60}
		{146DF81E-9854-4FB3-868A-32F46E443797} = {279FC9EF-3582-4129-8B38-26D8D5136D60}
		{BBC82111-AE8C-4190-8000-C4A8750F9EA7} = {05F83032-7611-41F5-92A3-0E3E8AEDA304}
		{4257D9CA-4293-48B7-892A-5773DAF0E8F8} = {05F83032-7611-41F5-92A3-0E3E8AEDA304}
		{AF3B2491-281A-4A02-B107-D05501D76FCA} = {05F83032-7611-41F5-92A3-0E3E8AEDA304}
	EndGlobalSection
	GlobalSection(ExtensibilityGlobals) = postSolution
		SolutionGuid = {9388EC1D-0DAA-4987-A8ED-02517FF26E9E}
	EndGlobalSection
EndGlobal
